<?xml version="1.0" encoding="utf-8"?>
<Project ToolsVersion="4.0" xmlns="http://schemas.microsoft.com/developer/msbuild/2003">
  <ItemGroup>
    <Filter Include="Source Files">
      <UniqueIdentifier>{4FC737F1-C7A5-4376-A066-2A32D752A2FF}</UniqueIdentifier>
      <Extensions>cpp;c;cc;cxx;def;odl;idl;hpj;bat;asm;asmx</Extensions>
    </Filter>
    <Filter Include="Header Files">
      <UniqueIdentifier>{93995380-89BD-4b04-88EB-625FBE52EBFB}</UniqueIdentifier>
      <Extensions>h;hh;hpp;hxx;hm;inl;inc;xsd</Extensions>
    </Filter>
    <Filter Include="Resource Files">
      <UniqueIdentifier>{67DA6AB6-F800-4c08-8B7A-83BB121AAD01}</UniqueIdentifier>
      <Extensions>rc;ico;cur;bmp;dlg;rc2;rct;bin;rgs;gif;jpg;jpeg;jpe;resx;tiff;tif;png;wav;mfcribbon-ms</Extensions>
    </Filter>
  </ItemGroup>
  <ItemGroup>
    <ClInclude Include="NdfTree.h">
      <Filter>Header Files</Filter>
    </ClInclude>
    <ClInclude Include="ShaderUtility.h">
      <Filter>Header Files</Filter>
    </ClInclude>
    <ClInclude Include="GlhSingle.h">
      <Filter>Header Files</Filter>
    </ClInclude>
    <ClInclude Include="FileIO.h">
      <Filter>Header Files</Filter>
    </ClInclude>
    <ClInclude Include="MegaMolParticleFile.h">
      <Filter>Header Files</Filter>
    </ClInclude>
    <ClInclude Include="GlHelpers.h">
      <Filter>Header Files</Filter>
    </ClInclude>
    <ClInclude Include="FileCompression.h">
      <Filter>Header Files</Filter>
    </ClInclude>
    <ClInclude Include="BrdfIntegrator.h">
      <Filter>Header Files</Filter>
    </ClInclude>
    <ClInclude Include="SparseApproximator.h">
      <Filter>Header Files</Filter>
    </ClInclude>
    <ClInclude Include="ExpectationMaximization.h">
      <Filter>Header Files</Filter>
    </ClInclude>
    <ClInclude Include="NdfRenderer.h">
      <Filter>Header Files</Filter>
    </ClInclude>
    <ClInclude Include="Fourier.h">
      <Filter>Header Files</Filter>
    </ClInclude>
    <ClInclude Include="ProgressiveParticleSampler.h">
      <Filter>Header Files</Filter>
    </ClInclude>
    <ClInclude Include="NdfSampler.h">
      <Filter>Header Files</Filter>
    </ClInclude>
    <ClInclude Include="NdfParticleSampler.h">
      <Filter>Header Files</Filter>
    </ClInclude>
    <ClInclude Include="NormalTransferFunction.h">
      <Filter>Header Files</Filter>
    </ClInclude>
    <ClInclude Include="Procedural.h">
      <Filter>Header Files</Filter>
    </ClInclude>
    <ClInclude Include="StopWatch.h">
      <Filter>Header Files</Filter>
    </ClInclude>
  </ItemGroup>
  <ItemGroup>
    <ClCompile Include="NdfTree.cpp">
      <Filter>Source Files</Filter>
    </ClCompile>
    <ClCompile Include="ShaderUtility.cpp">
      <Filter>Source Files</Filter>
    </ClCompile>
    <ClCompile Include="GlhSingle.cpp">
      <Filter>Source Files</Filter>
    </ClCompile>
    <ClCompile Include="FileIO.cpp">
      <Filter>Source Files</Filter>
    </ClCompile>
    <ClCompile Include="MegaMolParticleFile.cpp">
      <Filter>Source Files</Filter>
    </ClCompile>
    <ClCompile Include="GlHelpers.cpp">
      <Filter>Source Files</Filter>
    </ClCompile>
    <ClCompile Include="BrdfIntegrator.cpp">
      <Filter>Source Files</Filter>
    </ClCompile>
    <ClCompile Include="SparseApproximator.cpp">
      <Filter>Source Files</Filter>
    </ClCompile>
    <ClCompile Include="ExpectationMaximization.cpp">
      <Filter>Source Files</Filter>
    </ClCompile>
    <ClCompile Include="NdfRenderer.cpp">
      <Filter>Source Files</Filter>
    </ClCompile>
    <ClCompile Include="ProgressiveParticleSampler.cpp">
      <Filter>Source Files</Filter>
    </ClCompile>
    <ClCompile Include="NdfSampler.cpp">
      <Filter>Source Files</Filter>
    </ClCompile>
    <ClCompile Include="NdfParticleSampler.cpp">
      <Filter>Source Files</Filter>
    </ClCompile>
    <ClCompile Include="NormalTransferFunction.cpp">
      <Filter>Source Files</Filter>
    </ClCompile>
    <ClCompile Include="$(MSBuildThisFileDirectory)..\..\lib\native\src\lodepng.cpp">
      <Filter>Source Files</Filter>
    </ClCompile>
    <ClCompile Include="StopWatch.cpp">
      <Filter>Source Files</Filter>
    </ClCompile>
    <ClCompile Include="glad.c">
      <Filter>Source Files</Filter>
    </ClCompile>
  </ItemGroup>
  <ItemGroup>
    <None Include="packages.config" />
  </ItemGroup>
</Project>